<Solution>
    <Project Path="AiConversation/AiConversation.csproj" />
    <Project Path="Controls/Controls.csproj" />
    <Project Path="DocumentDb/DocumentDb.csproj" />
    <Project Path="Mediator/Mediator.csproj" />
    <Project Path="Shiny/Shiny.csproj" />
    <Project Path="Speech/Speech.csproj" />
</Solution>
